
Microsoft Visual Studio Solution File, Format Version 12.00
# Visual Studio Version 17
VisualStudioVersion = 17.5.33530.505
MinimumVisualStudioVersion = 10.0.40219.1
Project("{FAE04EC0-301F-11D3-BF4B-00C04F79EFBC}") = "SimpleCRUDApplication", "SimpleCRUDApplication.csproj", "{F314ECD7-C29D-4562-BA7F-38EFF4848EC2}"
EndProject
Global
	GlobalSection(SolutionConfigurationPlatforms) = preSolution
		Debug|Any CPU = Debug|Any CPU
		Release|Any CPU = Release|Any CPU
	EndGlobalSection
	GlobalSection(ProjectConfigurationPlatforms) = postSolution
		{F314ECD7-C29D-4562-BA7F-38EFF4848EC2}.Debug|Any CPU.ActiveCfg = Debug|Any CPU
		{F314ECD7-C29D-4562-BA7F-38EFF4848EC2}.Debug|Any CPU.Build.0 = Debug|Any CPU
		{F314ECD7-C29D-4562-BA7F-38EFF4848EC2}.Release|Any CPU.ActiveCfg = Release|Any CPU
		{F314ECD7-C29D-4562-BA7F-38EFF4848EC2}.Release|Any CPU.Build.0 = Release|Any CPU
	EndGlobalSection
	GlobalSection(SolutionProperties) = preSolution
		HideSolutionNode = FALSE
	EndGlobalSection
	GlobalSection(ExtensibilityGlobals) = postSolution
		SolutionGuid = {6E21C9C0-111B-4351-B2AF-5A0F3CEDF8B5}
	EndGlobalSection
EndGlobal
